
Microsoft Visual Studio Solution File, Format Version 11.00
# Visual Studio 2010
Project("{FAE04EC0-301F-11D3-BF4B-00C04F79EFBC}") = "Client OLD", "ChatClient\Client OLD.csproj", "{C2BA7653-042A-4A0F-ACA0-B4C82BB240FF}"
EndProject
Project("{FAE04EC0-301F-11D3-BF4B-00C04F79EFBC}") = "Chat", "Chat\Chat.csproj", "{BA745D28-0D6B-4C51-AD71-36DFD48A5220}"
EndProject
Project("{FAE04EC0-301F-11D3-BF4B-00C04F79EFBC}") = "Server", "Server\Server.csproj", "{025B8766-7960-464D-A522-298B1933D4FA}"
EndProject
Project("{FAE04EC0-301F-11D3-BF4B-00C04F79EFBC}") = "Client", "Client\Client.csproj", "{D9FB833E-4CA0-4F35-AFF5-102BF8F40EBD}"
EndProject
Global
	GlobalSection(SolutionConfigurationPlatforms) = preSolution
		Debug|Any CPU = Debug|Any CPU
		Debug|Mixed Platforms = Debug|Mixed Platforms
		Debug|x64 = Debug|x64
		Debug|x86 = Debug|x86
		Release|Any CPU = Release|Any CPU
		Release|Mixed Platforms = Release|Mixed Platforms
		Release|x64 = Release|x64
		Release|x86 = Release|x86
	EndGlobalSection
	GlobalSection(ProjectConfigurationPlatforms) = postSolution
		{C2BA7653-042A-4A0F-ACA0-B4C82BB240FF}.Debug|Any CPU.ActiveCfg = Debug|Any CPU
		{C2BA7653-042A-4A0F-ACA0-B4C82BB240FF}.Debug|Mixed Platforms.ActiveCfg = Debug|x64
		{C2BA7653-042A-4A0F-ACA0-B4C82BB240FF}.Debug|Mixed Platforms.Build.0 = Debug|x64
		{C2BA7653-042A-4A0F-ACA0-B4C82BB240FF}.Debug|x64.ActiveCfg = Debug|x86
		{C2BA7653-042A-4A0F-ACA0-B4C82BB240FF}.Debug|x64.Build.0 = Debug|x86
		{C2BA7653-042A-4A0F-ACA0-B4C82BB240FF}.Debug|x86.ActiveCfg = Debug|x86
		{C2BA7653-042A-4A0F-ACA0-B4C82BB240FF}.Release|Any CPU.ActiveCfg = Release|x86
		{C2BA7653-042A-4A0F-ACA0-B4C82BB240FF}.Release|Mixed Platforms.ActiveCfg = Release|x86
		{C2BA7653-042A-4A0F-ACA0-B4C82BB240FF}.Release|Mixed Platforms.Build.0 = Release|x86
		{C2BA7653-042A-4A0F-ACA0-B4C82BB240FF}.Release|x64.ActiveCfg = Release|x64
		{C2BA7653-042A-4A0F-ACA0-B4C82BB240FF}.Release|x86.ActiveCfg = Release|x86
		{C2BA7653-042A-4A0F-ACA0-B4C82BB240FF}.Release|x86.Build.0 = Release|x86
		{BA745D28-0D6B-4C51-AD71-36DFD48A5220}.Debug|Any CPU.ActiveCfg = Debug|Any CPU
		{BA745D28-0D6B-4C51-AD71-36DFD48A5220}.Debug|Mixed Platforms.ActiveCfg = Debug|x64
		{BA745D28-0D6B-4C51-AD71-36DFD48A5220}.Debug|Mixed Platforms.Build.0 = Debug|x64
		{BA745D28-0D6B-4C51-AD71-36DFD48A5220}.Debug|x64.ActiveCfg = Debug|x86
		{BA745D28-0D6B-4C51-AD71-36DFD48A5220}.Debug|x64.Build.0 = Debug|x86
		{BA745D28-0D6B-4C51-AD71-36DFD48A5220}.Debug|x86.ActiveCfg = Debug|x86
		{BA745D28-0D6B-4C51-AD71-36DFD48A5220}.Debug|x86.Build.0 = Debug|x86
		{BA745D28-0D6B-4C51-AD71-36DFD48A5220}.Release|Any CPU.ActiveCfg = Release|Any CPU
		{BA745D28-0D6B-4C51-AD71-36DFD48A5220}.Release|Any CPU.Build.0 = Release|Any CPU
		{BA745D28-0D6B-4C51-AD71-36DFD48A5220}.Release|Mixed Platforms.ActiveCfg = Release|Any CPU
		{BA745D28-0D6B-4C51-AD71-36DFD48A5220}.Release|Mixed Platforms.Build.0 = Release|Any CPU
		{BA745D28-0D6B-4C51-AD71-36DFD48A5220}.Release|x64.ActiveCfg = Release|x64
		{BA745D28-0D6B-4C51-AD71-36DFD48A5220}.Release|x64.Build.0 = Release|x64
		{BA745D28-0D6B-4C51-AD71-36DFD48A5220}.Release|x86.ActiveCfg = Release|x86
		{BA745D28-0D6B-4C51-AD71-36DFD48A5220}.Release|x86.Build.0 = Release|x86
		{025B8766-7960-464D-A522-298B1933D4FA}.Debug|Any CPU.ActiveCfg = Debug|x86
		{025B8766-7960-464D-A522-298B1933D4FA}.Debug|Any CPU.Build.0 = Debug|x86
		{025B8766-7960-464D-A522-298B1933D4FA}.Debug|Mixed Platforms.ActiveCfg = Debug|x64
		{025B8766-7960-464D-A522-298B1933D4FA}.Debug|Mixed Platforms.Build.0 = Debug|x64
		{025B8766-7960-464D-A522-298B1933D4FA}.Debug|x64.ActiveCfg = Debug|x86
		{025B8766-7960-464D-A522-298B1933D4FA}.Debug|x64.Build.0 = Debug|x86
		{025B8766-7960-464D-A522-298B1933D4FA}.Debug|x86.ActiveCfg = Debug|x86
		{025B8766-7960-464D-A522-298B1933D4FA}.Debug|x86.Build.0 = Debug|x86
		{025B8766-7960-464D-A522-298B1933D4FA}.Release|Any CPU.ActiveCfg = Release|x86
		{025B8766-7960-464D-A522-298B1933D4FA}.Release|Mixed Platforms.ActiveCfg = Release|x86
		{025B8766-7960-464D-A522-298B1933D4FA}.Release|Mixed Platforms.Build.0 = Release|x86
		{025B8766-7960-464D-A522-298B1933D4FA}.Release|x64.ActiveCfg = Release|x64
		{025B8766-7960-464D-A522-298B1933D4FA}.Release|x86.ActiveCfg = Release|x86
		{025B8766-7960-464D-A522-298B1933D4FA}.Release|x86.Build.0 = Release|x86
		{D9FB833E-4CA0-4F35-AFF5-102BF8F40EBD}.Debug|Any CPU.ActiveCfg = Debug|Any CPU
		{D9FB833E-4CA0-4F35-AFF5-102BF8F40EBD}.Debug|Mixed Platforms.ActiveCfg = Debug|x64
		{D9FB833E-4CA0-4F35-AFF5-102BF8F40EBD}.Debug|Mixed Platforms.Build.0 = Debug|x64
		{D9FB833E-4CA0-4F35-AFF5-102BF8F40EBD}.Debug|x64.ActiveCfg = Debug|x86
		{D9FB833E-4CA0-4F35-AFF5-102BF8F40EBD}.Debug|x64.Build.0 = Debug|x86
		{D9FB833E-4CA0-4F35-AFF5-102BF8F40EBD}.Debug|x86.ActiveCfg = Debug|x86
		{D9FB833E-4CA0-4F35-AFF5-102BF8F40EBD}.Debug|x86.Build.0 = Debug|x86
		{D9FB833E-4CA0-4F35-AFF5-102BF8F40EBD}.Release|Any CPU.ActiveCfg = Release|x86
		{D9FB833E-4CA0-4F35-AFF5-102BF8F40EBD}.Release|Mixed Platforms.ActiveCfg = Release|x86
		{D9FB833E-4CA0-4F35-AFF5-102BF8F40EBD}.Release|Mixed Platforms.Build.0 = Release|x86
		{D9FB833E-4CA0-4F35-AFF5-102BF8F40EBD}.Release|x64.ActiveCfg = Release|x64
		{D9FB833E-4CA0-4F35-AFF5-102BF8F40EBD}.Release|x86.ActiveCfg = Release|x86
		{D9FB833E-4CA0-4F35-AFF5-102BF8F40EBD}.Release|x86.Build.0 = Release|x86
	EndGlobalSection
	GlobalSection(SolutionProperties) = preSolution
		HideSolutionNode = FALSE
	EndGlobalSection
EndGlobal
